{"is_source_file": false, "format": "", "description": "", "external_files": [], "external_methods": [], "published": [], "classes": [], "methods": [], "calls": [], "search-terms": [], "state": 2, "file_id": 5, "knowledge_revision": 19, "git_revision": "5266cc502d2ba9c07a00a411bf80df1bfa5e3c99", "hash": "9c4ed7ef73e22b872b8055bec08b8979", "format-version": 4, "code-base-name": "default", "filename": "tic_tac_toe/post_process_status.lock", "revision_history": [{"19": "5266cc502d2ba9c07a00a411bf80df1bfa5e3c99"}]}